
Microsoft Visual Studio Solution File, Format Version 12.00
# Visual Studio Version 17
VisualStudioVersion = 17.5.002.0
MinimumVisualStudioVersion = 10.0.40219.1
Project("{9A19103F-16F7-4668-BE54-9A1E7A4F7556}") = "ChainOfResponsibility", "src\ChainOfResponsibility\ChainOfResponsibility.csproj", "{3CBE4024-801F-4940-9F8B-14D3657F991E}"
EndProject
Global
	GlobalSection(SolutionConfigurationPlatforms) = preSolution
		Debug|Any CPU = Debug|Any CPU
		Release|Any CPU = Release|Any CPU
	EndGlobalSection
	GlobalSection(ProjectConfigurationPlatforms) = postSolution
		{3CBE4024-801F-4940-9F8B-14D3657F991E}.Debug|Any CPU.ActiveCfg = Debug|Any CPU
		{3CBE4024-801F-4940-9F8B-14D3657F991E}.Debug|Any CPU.Build.0 = Debug|Any CPU
		{3CBE4024-801F-4940-9F8B-14D3657F991E}.Release|Any CPU.ActiveCfg = Release|Any CPU
		{3CBE4024-801F-4940-9F8B-14D3657F991E}.Release|Any CPU.Build.0 = Release|Any CPU
	EndGlobalSection
	GlobalSection(SolutionProperties) = preSolution
		HideSolutionNode = FALSE
	EndGlobalSection
	GlobalSection(ExtensibilityGlobals) = postSolution
		SolutionGuid = {0828F249-B972-4ED0-8C63-44A5290058F7}
	EndGlobalSection
EndGlobal
